
Microsoft Visual Studio Solution File, Format Version 12.00
# Visual Studio Version 17
VisualStudioVersion = 17.5.002.0
MinimumVisualStudioVersion = 10.0.40219.1
Project("{9A19103F-16F7-4668-BE54-9A1E7A4F7556}") = "TicketsRJRL", "TicketsRJRL.csproj", "{EF3A16FE-90CE-415E-BF25-A9CE71CD1666}"
EndProject
Global
	GlobalSection(SolutionConfigurationPlatforms) = preSolution
		Debug|Any CPU = Debug|Any CPU
		Release|Any CPU = Release|Any CPU
	EndGlobalSection
	GlobalSection(ProjectConfigurationPlatforms) = postSolution
		{EF3A16FE-90CE-415E-BF25-A9CE71CD1666}.Debug|Any CPU.ActiveCfg = Debug|Any CPU
		{EF3A16FE-90CE-415E-BF25-A9CE71CD1666}.Debug|Any CPU.Build.0 = Debug|Any CPU
		{EF3A16FE-90CE-415E-BF25-A9CE71CD1666}.Release|Any CPU.ActiveCfg = Release|Any CPU
		{EF3A16FE-90CE-415E-BF25-A9CE71CD1666}.Release|Any CPU.Build.0 = Release|Any CPU
	EndGlobalSection
	GlobalSection(SolutionProperties) = preSolution
		HideSolutionNode = FALSE
	EndGlobalSection
	GlobalSection(ExtensibilityGlobals) = postSolution
		SolutionGuid = {4233B0B2-0E50-4A12-99BC-F71105B3F8EC}
	EndGlobalSection
EndGlobal
